
Microsoft Visual Studio Solution File, Format Version 12.00
# Visual Studio Version 17
VisualStudioVersion = 17.6.33815.320
MinimumVisualStudioVersion = 10.0.40219.1
Project("{FAE04EC0-301F-11D3-BF4B-00C04F79EFBC}") = "MessagingCorp", "MessagingCorp\MessagingCorp.csproj", "{843ED541-FF23-48B9-BF4E-4B3ED73460C9}"
EndProject
Global
	GlobalSection(SolutionConfigurationPlatforms) = preSolution
		Debug|Any CPU = Debug|Any CPU
		Release|Any CPU = Release|Any CPU
	EndGlobalSection
	GlobalSection(ProjectConfigurationPlatforms) = postSolution
		{843ED541-FF23-48B9-BF4E-4B3ED73460C9}.Debug|Any CPU.ActiveCfg = Debug|Any CPU
		{843ED541-FF23-48B9-BF4E-4B3ED73460C9}.Debug|Any CPU.Build.0 = Debug|Any CPU
		{843ED541-FF23-48B9-BF4E-4B3ED73460C9}.Release|Any CPU.ActiveCfg = Release|Any CPU
		{843ED541-FF23-48B9-BF4E-4B3ED73460C9}.Release|Any CPU.Build.0 = Release|Any CPU
	EndGlobalSection
	GlobalSection(SolutionProperties) = preSolution
		HideSolutionNode = FALSE
	EndGlobalSection
	GlobalSection(ExtensibilityGlobals) = postSolution
		SolutionGuid = {202219DB-1868-42E8-B740-A6A3D4353209}
	EndGlobalSection
EndGlobal
